{
  "version": 4,
  "terraform_version": "0.12.19",
  "serial": 26,
  "lineage": "56e4d836-47bf-5630-80a4-cbacf0b41471",
  "outputs": {
    "config_map_aws_auth": {
      "value": "apiVersion: v1\nkind: ConfigMap\nmetadata:\n  name: aws-auth\n  namespace: kube-system\ndata:\n  mapRoles: |\n    - rolearn: arn:aws:iam::330428859659:role/nginx-eks-demo-node-3969501604\n      username: system:node:{{EC2PrivateDNSName}}\n      groups:\n        - system:bootstrappers\n        - system:nodes\n",
      "type": "string"
    },
    "kubeconfig": {
      "value": "apiVersion: v1\nclusters:\n- cluster:\n    server: https://A7D21EDE258834C09A8DF563B70086E9.gr7.eu-west-1.eks.amazonaws.com\n    certificate-authority-data: LS0tLS1CRUdJTiBDRVJUSUZJQ0FURS0tLS0tCk1JSUM1ekNDQWMrZ0F3SUJBZ0lCQURBTkJna3Foa2lHOXcwQkFRc0ZBREFWTVJNd0VRWURWUVFERXdwcmRXSmwKY201bGRHVnpNQjRYRFRJeU1Ea3hNekEzTkRrd05Wb1hEVE15TURreE1EQTNORGt3TlZvd0ZURVRNQkVHQTFVRQpBeE1LYTNWaVpYSnVaWFJsY3pDQ0FTSXdEUVlKS29aSWh2Y05BUUVCQlFBRGdnRVBBRENDQVFvQ2dnRUJBTUI5ClB5eWZnVXFERlduQldvRm5EZ1cwRW1UMWRMb0JvZWJQcHc3bkQ0Y01aTDZNK05GU3owQlJYdUpkMlh5SWpOUVIKcUdYWDZzT0N1R1U0MjdKRWxBMUloRlFIVkRKZW1zaXlMTTVMSmZad2ZZVUNSS25VTjZlS2hvVXZUUjJRM0FNaAp3M1N4L3FRaHorK0ZtTzVsdVVkUjNHM1NYeHhSWFZQNk5haWhLcHJhblRtc2RwVmthVk9nVzV2OE9weThxUXB1CnMxdmFnamJPempndmxYZ1hXSEU1ZlJJdXYwK0dtbERwSlpSR3RnTHNyL1FFaHVQZWRPMXlaYTd3UmF4c0x0VjIKU1UydTdDenZNb2toeUF2Nm04Nkkydk03RTNHNU5YZkU5NHRURXBDVDFLQTJ3ZFM2VU1TdXJCUVM3SmViU2w3WgpiaWQxU3Q2SDFQZ1UweFlYVWZNQ0F3RUFBYU5DTUVBd0RnWURWUjBQQVFIL0JBUURBZ0trTUE4R0ExVWRFd0VCCi93UUZNQU1CQWY4d0hRWURWUjBPQkJZRUZMNk04dXYvOVdSZnZRMDFGekcyL3RsU2JrOWFNQTBHQ1NxR1NJYjMKRFFFQkN3VUFBNElCQVFDV0lJeFRSZWlZTTBsbXArU2wwd2tFMjlLU2ZtTkRZVWtvOHJ2VEN0SHF4VnlEQmdyOQorQlpiSTJobTFuYWM4Yi9vdTBQeHVxU01jeW1ZVm96ZU5IZVVBS2lLVUZxOFk0TVQrUXFFZFZOejZ6aVdpWGVCCnQ2ZjRHZlJvQUNUb2NxajREYUk0RzE3ZEJrYmpkWFpHUVVwRnNBMTlRYnVFeVlIZ0ZNbWJXNVkyN0NBbWIrUFgKYzlwZDQwbEpPS2ZyeUhNYTJIQXBLV3YrWkRiOElucEZQdGdZaFVvWGRXZ3JxVHJCdmZyak5LOEpySTZJWUpSaQpFLzNIcnlsSFB4UXpneTRkNTJKN0pMZXZldUhndVVHOUx4ZXhzOXIxU1JyWjBFWkcyd0dLanIwQ2xSUCtla3JKCk1kM0hqNFRWMDRmenFZSFllOWFDcHEzaFo5ZEhNSkdNdlB0bQotLS0tLUVORCBDRVJUSUZJQ0FURS0tLS0tCg==\n  name: kubernetes\ncontexts:\n- context:\n    cluster: kubernetes\n    user: aws\n  name: aws\ncurrent-context: aws\nkind: Config\npreferences: {}\nusers:\n- name: aws\n  user:\n    exec:\n      apiVersion: client.authentication.k8s.io/v1alpha1\n      command: aws-iam-authenticator\n      args:\n        - \"token\"\n        - \"-i\"\n        - \"terraform-eks-3969501604\"\n",
      "type": "string"
    }
  },
  "resources": [
    {
      "mode": "managed",
      "type": "aws_eks_cluster",
      "name": "demo",
      "provider": "provider.aws",
      "instances": [
        {
          "schema_version": 0,
          "attributes": {
            "arn": "arn:aws:eks:eu-west-1:330428859659:cluster/terraform-eks-3969501604",
            "certificate_authority": [
              {
                "data": "LS0tLS1CRUdJTiBDRVJUSUZJQ0FURS0tLS0tCk1JSUM1ekNDQWMrZ0F3SUJBZ0lCQURBTkJna3Foa2lHOXcwQkFRc0ZBREFWTVJNd0VRWURWUVFERXdwcmRXSmwKY201bGRHVnpNQjRYRFRJeU1Ea3hNekEzTkRrd05Wb1hEVE15TURreE1EQTNORGt3TlZvd0ZURVRNQkVHQTFVRQpBeE1LYTNWaVpYSnVaWFJsY3pDQ0FTSXdEUVlKS29aSWh2Y05BUUVCQlFBRGdnRVBBRENDQVFvQ2dnRUJBTUI5ClB5eWZnVXFERlduQldvRm5EZ1cwRW1UMWRMb0JvZWJQcHc3bkQ0Y01aTDZNK05GU3owQlJYdUpkMlh5SWpOUVIKcUdYWDZzT0N1R1U0MjdKRWxBMUloRlFIVkRKZW1zaXlMTTVMSmZad2ZZVUNSS25VTjZlS2hvVXZUUjJRM0FNaAp3M1N4L3FRaHorK0ZtTzVsdVVkUjNHM1NYeHhSWFZQNk5haWhLcHJhblRtc2RwVmthVk9nVzV2OE9weThxUXB1CnMxdmFnamJPempndmxYZ1hXSEU1ZlJJdXYwK0dtbERwSlpSR3RnTHNyL1FFaHVQZWRPMXlaYTd3UmF4c0x0VjIKU1UydTdDenZNb2toeUF2Nm04Nkkydk03RTNHNU5YZkU5NHRURXBDVDFLQTJ3ZFM2VU1TdXJCUVM3SmViU2w3WgpiaWQxU3Q2SDFQZ1UweFlYVWZNQ0F3RUFBYU5DTUVBd0RnWURWUjBQQVFIL0JBUURBZ0trTUE4R0ExVWRFd0VCCi93UUZNQU1CQWY4d0hRWURWUjBPQkJZRUZMNk04dXYvOVdSZnZRMDFGekcyL3RsU2JrOWFNQTBHQ1NxR1NJYjMKRFFFQkN3VUFBNElCQVFDV0lJeFRSZWlZTTBsbXArU2wwd2tFMjlLU2ZtTkRZVWtvOHJ2VEN0SHF4VnlEQmdyOQorQlpiSTJobTFuYWM4Yi9vdTBQeHVxU01jeW1ZVm96ZU5IZVVBS2lLVUZxOFk0TVQrUXFFZFZOejZ6aVdpWGVCCnQ2ZjRHZlJvQUNUb2NxajREYUk0RzE3ZEJrYmpkWFpHUVVwRnNBMTlRYnVFeVlIZ0ZNbWJXNVkyN0NBbWIrUFgKYzlwZDQwbEpPS2ZyeUhNYTJIQXBLV3YrWkRiOElucEZQdGdZaFVvWGRXZ3JxVHJCdmZyak5LOEpySTZJWUpSaQpFLzNIcnlsSFB4UXpneTRkNTJKN0pMZXZldUhndVVHOUx4ZXhzOXIxU1JyWjBFWkcyd0dLanIwQ2xSUCtla3JKCk1kM0hqNFRWMDRmenFZSFllOWFDcHEzaFo5ZEhNSkdNdlB0bQotLS0tLUVORCBDRVJUSUZJQ0FURS0tLS0tCg=="
              }
            ],
            "created_at": "2022-09-13 07:43:53.441 +0000 UTC",
            "enabled_cluster_log_types": [],
            "encryption_config": [],
            "endpoint": "https://A7D21EDE258834C09A8DF563B70086E9.gr7.eu-west-1.eks.amazonaws.com",
            "id": "terraform-eks-3969501604",
            "identity": [
              {
                "oidc": [
                  {
                    "issuer": "https://oidc.eks.eu-west-1.amazonaws.com/id/A7D21EDE258834C09A8DF563B70086E9"
                  }
                ]
              }
            ],
            "kubernetes_network_config": [
              {
                "service_ipv4_cidr": "172.20.0.0/16"
              }
            ],
            "name": "terraform-eks-3969501604",
            "platform_version": "eks.8",
            "role_arn": "arn:aws:iam::330428859659:role/nginx-eks-cluster-3969501604",
            "status": "ACTIVE",
            "tags": {
              "Nginx": "nginx experience 3969501604"
            },
            "timeouts": null,
            "version": "1.20",
            "vpc_config": [
              {
                "cluster_security_group_id": "sg-0f51c82af373d1c7b",
                "endpoint_private_access": false,
                "endpoint_public_access": true,
                "public_access_cidrs": [
                  "0.0.0.0/0"
                ],
                "security_group_ids": [
                  "sg-0774527040e9520b7"
                ],
                "subnet_ids": [
                  "subnet-00400244c0983e1cb",
                  "subnet-05b7621f021c23a9c"
                ],
                "vpc_id": "vpc-0ee40b22ae771d5f2"
              }
            ]
          },
          "private": "eyJlMmJmYjczMC1lY2FhLTExZTYtOGY4OC0zNDM2M2JjN2M0YzAiOnsiY3JlYXRlIjoxODAwMDAwMDAwMDAwLCJkZWxldGUiOjkwMDAwMDAwMDAwMCwidXBkYXRlIjozNjAwMDAwMDAwMDAwfX0=",
          "dependencies": [
            "aws_iam_role.demo-master",
            "aws_iam_role_policy_attachment.demo-cluster-AmazonEKSClusterPolicy",
            "aws_iam_role_policy_attachment.demo-cluster-AmazonEKSServicePolicy",
            "aws_security_group.sgweb",
            "aws_subnet.private-subnet",
            "aws_subnet.public-subnet",
            "aws_vpc.main",
            "random_id.random-string"
          ]
        }
      ]
    },
    {
      "mode": "managed",
      "type": "aws_eks_node_group",
      "name": "demo",
      "provider": "provider.aws",
      "instances": [
        {
          "schema_version": 0,
          "attributes": {
            "ami_type": "AL2_x86_64",
            "arn": "arn:aws:eks:eu-west-1:330428859659:nodegroup/terraform-eks-3969501604/eks-3969501604/70c19aea-eb62-62c2-1ca7-5c83b74be674",
            "capacity_type": "ON_DEMAND",
            "cluster_name": "terraform-eks-3969501604",
            "disk_size": 20,
            "force_update_version": null,
            "id": "terraform-eks-3969501604:eks-3969501604",
            "instance_types": [
              "t3.xlarge"
            ],
            "labels": {},
            "launch_template": [],
            "node_group_name": "eks-3969501604",
            "node_role_arn": "arn:aws:iam::330428859659:role/nginx-eks-demo-node-3969501604",
            "release_version": "1.20.15-20220824",
            "remote_access": [],
            "resources": [
              {
                "autoscaling_groups": [
                  {
                    "name": "eks-70c19aea-eb62-62c2-1ca7-5c83b74be674"
                  }
                ],
                "remote_access_security_group_id": ""
              }
            ],
            "scaling_config": [
              {
                "desired_size": 1,
                "max_size": 4,
                "min_size": 1
              }
            ],
            "status": "ACTIVE",
            "subnet_ids": [
              "subnet-00400244c0983e1cb",
              "subnet-05b7621f021c23a9c"
            ],
            "tags": {
              "Name": "nginx k8s_nodes",
              "Nginx": "nginx experience 3969501604"
            },
            "timeouts": null,
            "version": "1.20"
          },
          "private": "eyJlMmJmYjczMC1lY2FhLTExZTYtOGY4OC0zNDM2M2JjN2M0YzAiOnsiY3JlYXRlIjozNjAwMDAwMDAwMDAwLCJkZWxldGUiOjM2MDAwMDAwMDAwMDAsInVwZGF0ZSI6MzYwMDAwMDAwMDAwMH19",
          "dependencies": [
            "aws_eks_cluster.demo",
            "aws_iam_role.demo-master",
            "aws_iam_role.demo-node",
            "aws_iam_role_policy_attachment.demo-cluster-AmazonEKSClusterPolicy",
            "aws_iam_role_policy_attachment.demo-cluster-AmazonEKSServicePolicy",
            "aws_iam_role_policy_attachment.demo-node-AmazonEC2ContainerRegistryReadOnly",
            "aws_iam_role_policy_attachment.demo-node-AmazonEKSWorkerNodePolicy",
            "aws_iam_role_policy_attachment.demo-node-AmazonEKS_CNI_Policy",
            "aws_security_group.sgweb",
            "aws_subnet.private-subnet",
            "aws_subnet.public-subnet",
            "aws_vpc.main",
            "random_id.random-string"
          ]
        }
      ]
    },
    {
      "mode": "managed",
      "type": "aws_iam_instance_profile",
      "name": "iam_nginx_profile",
      "provider": "provider.aws",
      "instances": [
        {
          "schema_version": 0,
          "attributes": {
            "arn": "arn:aws:iam::330428859659:instance-profile/web_instance_profile-3969501604",
            "create_date": "2022-09-13T07:43:13Z",
            "id": "web_instance_profile-3969501604",
            "name": "web_instance_profile-3969501604",
            "name_prefix": null,
            "path": "/",
            "role": "web_iam_role-3969501604",
            "tags": {},
            "unique_id": "AIPAUZ3YYIUFWNUXS5WXL"
          },
          "private": "bnVsbA==",
          "dependencies": [
            "aws_iam_role.web_iam_role",
            "random_id.random-string"
          ]
        }
      ]
    },
    {
      "mode": "managed",
      "type": "aws_iam_role",
      "name": "demo-master",
      "provider": "provider.aws",
      "instances": [
        {
          "schema_version": 0,
          "attributes": {
            "arn": "arn:aws:iam::330428859659:role/nginx-eks-cluster-3969501604",
            "assume_role_policy": "{\"Version\":\"2012-10-17\",\"Statement\":[{\"Effect\":\"Allow\",\"Principal\":{\"Service\":\"eks.amazonaws.com\"},\"Action\":\"sts:AssumeRole\"}]}",
            "create_date": "2022-09-13T07:43:10Z",
            "description": "",
            "force_detach_policies": false,
            "id": "nginx-eks-cluster-3969501604",
            "inline_policy": [
              {
                "name": "",
                "policy": ""
              }
            ],
            "managed_policy_arns": [
              "arn:aws:iam::aws:policy/AmazonEKSClusterPolicy",
              "arn:aws:iam::aws:policy/AmazonEKSServicePolicy"
            ],
            "max_session_duration": 3600,
            "name": "nginx-eks-cluster-3969501604",
            "name_prefix": null,
            "path": "/",
            "permissions_boundary": null,
            "tags": {},
            "unique_id": "AROAUZ3YYIUFRUMKXKRLJ"
          },
          "private": "bnVsbA==",
          "dependencies": [
            "random_id.random-string"
          ]
        }
      ]
    },
    {
      "mode": "managed",
      "type": "aws_iam_role",
      "name": "demo-node",
      "provider": "provider.aws",
      "instances": [
        {
          "schema_version": 0,
          "attributes": {
            "arn": "arn:aws:iam::330428859659:role/nginx-eks-demo-node-3969501604",
            "assume_role_policy": "{\"Version\":\"2012-10-17\",\"Statement\":[{\"Effect\":\"Allow\",\"Principal\":{\"Service\":\"ec2.amazonaws.com\"},\"Action\":\"sts:AssumeRole\"}]}",
            "create_date": "2022-09-13T07:43:10Z",
            "description": "",
            "force_detach_policies": false,
            "id": "nginx-eks-demo-node-3969501604",
            "inline_policy": [
              {
                "name": "",
                "policy": ""
              }
            ],
            "managed_policy_arns": [
              "arn:aws:iam::aws:policy/AmazonEC2ContainerRegistryReadOnly",
              "arn:aws:iam::aws:policy/AmazonEKSWorkerNodePolicy",
              "arn:aws:iam::aws:policy/AmazonEKS_CNI_Policy"
            ],
            "max_session_duration": 3600,
            "name": "nginx-eks-demo-node-3969501604",
            "name_prefix": null,
            "path": "/",
            "permissions_boundary": null,
            "tags": {},
            "unique_id": "AROAUZ3YYIUFYNF5LUJ4Z"
          },
          "private": "bnVsbA==",
          "dependencies": [
            "random_id.random-string"
          ]
        }
      ]
    },
    {
      "mode": "managed",
      "type": "aws_iam_role",
      "name": "web_iam_role",
      "provider": "provider.aws",
      "instances": [
        {
          "schema_version": 0,
          "attributes": {
            "arn": "arn:aws:iam::330428859659:role/web_iam_role-3969501604",
            "assume_role_policy": "{\"Version\":\"2012-10-17\",\"Statement\":[{\"Sid\":\"\",\"Effect\":\"Allow\",\"Principal\":{\"Service\":\"ec2.amazonaws.com\"},\"Action\":\"sts:AssumeRole\"}]}",
            "create_date": "2022-09-13T07:43:10Z",
            "description": "",
            "force_detach_policies": false,
            "id": "web_iam_role-3969501604",
            "inline_policy": [
              {
                "name": "web_iam_role_policy-3969501604",
                "policy": "{\n  \"Version\": \"2012-10-17\",\n  \"Statement\": [\n    {\n      \"Effect\": \"Allow\",\n      \"Action\": [\"s3:ListBucket\"],\n      \"Resource\": [\"arn:aws:s3:::sorinnginx\"]\n    },\n    {\n      \"Effect\": \"Allow\",\n      \"Action\": [\n        \"s3:PutObject\",\n        \"s3:GetObject\",\n        \"s3:DeleteObject\"\n      ],\n      \"Resource\": [\"arn:aws:s3:::sorinnginx/*\"]\n    }\n  ]\n}\n"
              }
            ],
            "managed_policy_arns": [],
            "max_session_duration": 3600,
            "name": "web_iam_role-3969501604",
            "name_prefix": null,
            "path": "/",
            "permissions_boundary": null,
            "tags": {
              "Nginx": "nginx experience 3969501604"
            },
            "unique_id": "AROAUZ3YYIUF23COGDKCS"
          },
          "private": "bnVsbA==",
          "dependencies": [
            "random_id.random-string"
          ]
        }
      ]
    },
    {
      "mode": "managed",
      "type": "aws_iam_role_policy",
      "name": "web_iam_role_policy",
      "provider": "provider.aws",
      "instances": [
        {
          "schema_version": 0,
          "attributes": {
            "id": "web_iam_role-3969501604:web_iam_role_policy-3969501604",
            "name": "web_iam_role_policy-3969501604",
            "name_prefix": null,
            "policy": "{\n  \"Version\": \"2012-10-17\",\n  \"Statement\": [\n    {\n      \"Effect\": \"Allow\",\n      \"Action\": [\"s3:ListBucket\"],\n      \"Resource\": [\"arn:aws:s3:::sorinnginx\"]\n    },\n    {\n      \"Effect\": \"Allow\",\n      \"Action\": [\n        \"s3:PutObject\",\n        \"s3:GetObject\",\n        \"s3:DeleteObject\"\n      ],\n      \"Resource\": [\"arn:aws:s3:::sorinnginx/*\"]\n    }\n  ]\n}\n",
            "role": "web_iam_role-3969501604"
          },
          "private": "bnVsbA==",
          "dependencies": [
            "aws_iam_role.web_iam_role",
            "random_id.random-string"
          ]
        }
      ]
    },
    {
      "mode": "managed",
      "type": "aws_iam_role_policy_attachment",
      "name": "demo-cluster-AmazonEKSClusterPolicy",
      "provider": "provider.aws",
      "instances": [
        {
          "schema_version": 0,
          "attributes": {
            "id": "nginx-eks-cluster-3969501604-20220913074314031000000002",
            "policy_arn": "arn:aws:iam::aws:policy/AmazonEKSClusterPolicy",
            "role": "nginx-eks-cluster-3969501604"
          },
          "private": "bnVsbA==",
          "dependencies": [
            "aws_iam_role.demo-master",
            "random_id.random-string"
          ]
        }
      ]
    },
    {
      "mode": "managed",
      "type": "aws_iam_role_policy_attachment",
      "name": "demo-cluster-AmazonEKSServicePolicy",
      "provider": "provider.aws",
      "instances": [
        {
          "schema_version": 0,
          "attributes": {
            "id": "nginx-eks-cluster-3969501604-20220913074314010300000001",
            "policy_arn": "arn:aws:iam::aws:policy/AmazonEKSServicePolicy",
            "role": "nginx-eks-cluster-3969501604"
          },
          "private": "bnVsbA==",
          "dependencies": [
            "aws_iam_role.demo-master",
            "random_id.random-string"
          ]
        }
      ]
    },
    {
      "mode": "managed",
      "type": "aws_iam_role_policy_attachment",
      "name": "demo-node-AmazonEC2ContainerRegistryReadOnly",
      "provider": "provider.aws",
      "instances": [
        {
          "schema_version": 0,
          "attributes": {
            "id": "nginx-eks-demo-node-3969501604-20220913074314071000000005",
            "policy_arn": "arn:aws:iam::aws:policy/AmazonEC2ContainerRegistryReadOnly",
            "role": "nginx-eks-demo-node-3969501604"
          },
          "private": "bnVsbA==",
          "dependencies": [
            "aws_iam_role.demo-node",
            "random_id.random-string"
          ]
        }
      ]
    },
    {
      "mode": "managed",
      "type": "aws_iam_role_policy_attachment",
      "name": "demo-node-AmazonEKSWorkerNodePolicy",
      "provider": "provider.aws",
      "instances": [
        {
          "schema_version": 0,
          "attributes": {
            "id": "nginx-eks-demo-node-3969501604-20220913074314061300000003",
            "policy_arn": "arn:aws:iam::aws:policy/AmazonEKSWorkerNodePolicy",
            "role": "nginx-eks-demo-node-3969501604"
          },
          "private": "bnVsbA==",
          "dependencies": [
            "aws_iam_role.demo-node",
            "random_id.random-string"
          ]
        }
      ]
    },
    {
      "mode": "managed",
      "type": "aws_iam_role_policy_attachment",
      "name": "demo-node-AmazonEKS_CNI_Policy",
      "provider": "provider.aws",
      "instances": [
        {
          "schema_version": 0,
          "attributes": {
            "id": "nginx-eks-demo-node-3969501604-20220913074314066000000004",
            "policy_arn": "arn:aws:iam::aws:policy/AmazonEKS_CNI_Policy",
            "role": "nginx-eks-demo-node-3969501604"
          },
          "private": "bnVsbA==",
          "dependencies": [
            "aws_iam_role.demo-node",
            "random_id.random-string"
          ]
        }
      ]
    },
    {
      "mode": "managed",
      "type": "aws_instance",
      "name": "controller",
      "provider": "provider.aws",
      "instances": [
        {
          "schema_version": 1,
          "attributes": {
            "ami": "ami-0f5b07b31937d4275",
            "arn": "arn:aws:ec2:eu-west-1:330428859659:instance/i-0c32eb4f44a83f004",
            "associate_public_ip_address": true,
            "availability_zone": "eu-west-1a",
            "cpu_core_count": 4,
            "cpu_threads_per_core": 2,
            "credit_specification": [
              {
                "cpu_credits": "unlimited"
              }
            ],
            "disable_api_termination": false,
            "ebs_block_device": [],
            "ebs_optimized": false,
            "enclave_options": [
              {
                "enabled": false
              }
            ],
            "ephemeral_block_device": [],
            "get_password_data": false,
            "hibernation": false,
            "host_id": null,
            "iam_instance_profile": "",
            "id": "i-0c32eb4f44a83f004",
            "instance_initiated_shutdown_behavior": null,
            "instance_state": "running",
            "instance_type": "t3.2xlarge",
            "ipv6_address_count": 0,
            "ipv6_addresses": [],
            "key_name": "kpNGINX-3969501604",
            "metadata_options": [
              {
                "http_endpoint": "enabled",
                "http_put_response_hop_limit": 1,
                "http_tokens": "optional"
              }
            ],
            "monitoring": false,
            "network_interface": [],
            "outpost_arn": "",
            "password_data": "",
            "placement_group": "",
            "primary_network_interface_id": "eni-0ac17fa668e43af9c",
            "private_dns": "ip-10-0-2-128.eu-west-1.compute.internal",
            "private_ip": "10.0.2.128",
            "public_dns": "ec2-54-194-9-34.eu-west-1.compute.amazonaws.com",
            "public_ip": "54.194.9.34",
            "root_block_device": [
              {
                "delete_on_termination": true,
                "device_name": "/dev/sda1",
                "encrypted": false,
                "iops": 240,
                "kms_key_id": "",
                "tags": null,
                "throughput": 0,
                "volume_id": "vol-0906bd89d24b89415",
                "volume_size": 80,
                "volume_type": "gp2"
              }
            ],
            "secondary_private_ips": [],
            "security_groups": [],
            "source_dest_check": true,
            "subnet_id": "subnet-00400244c0983e1cb",
            "tags": {
              "Name": "controller",
              "Nginx": "nginx experience 3969501604"
            },
            "tenancy": "default",
            "timeouts": null,
            "user_data": "e70117ac788c97e626c1a21dbf5e2aac82c7cb0c",
            "user_data_base64": null,
            "volume_tags": null,
            "vpc_security_group_ids": [
              "sg-0774527040e9520b7"
            ]
          },
          "private": "eyJlMmJmYjczMC1lY2FhLTExZTYtOGY4OC0zNDM2M2JjN2M0YzAiOnsiY3JlYXRlIjo2MDAwMDAwMDAwMDAsImRlbGV0ZSI6MTIwMDAwMDAwMDAwMCwidXBkYXRlIjo2MDAwMDAwMDAwMDB9LCJzY2hlbWFfdmVyc2lvbiI6IjEifQ==",
          "dependencies": [
            "aws_key_pair.main",
            "aws_security_group.sgweb",
            "aws_subnet.public-subnet",
            "random_id.random-string"
          ]
        }
      ]
    },
    {
      "mode": "managed",
      "type": "aws_internet_gateway",
      "name": "gw",
      "provider": "provider.aws",
      "instances": [
        {
          "schema_version": 0,
          "attributes": {
            "arn": "arn:aws:ec2:eu-west-1:330428859659:internet-gateway/igw-09f4d865505ffbbf5",
            "id": "igw-09f4d865505ffbbf5",
            "owner_id": "330428859659",
            "tags": {
              "Name": "VPC IGW",
              "Nginx": "nginx experience 3969501604"
            },
            "vpc_id": "vpc-0ee40b22ae771d5f2"
          },
          "private": "bnVsbA==",
          "dependencies": [
            "aws_vpc.main",
            "random_id.random-string"
          ]
        }
      ]
    },
    {
      "mode": "managed",
      "type": "aws_key_pair",
      "name": "main",
      "provider": "provider.aws",
      "instances": [
        {
          "schema_version": 1,
          "attributes": {
            "arn": "arn:aws:ec2:eu-west-1:330428859659:key-pair/kpNGINX-3969501604",
            "fingerprint": "5f:55:fd:20:f8:f3:b1:0d:02:93:cd:21:b2:64:28:97",
            "id": "kpNGINX-3969501604",
            "key_name": "kpNGINX-3969501604",
            "key_name_prefix": null,
            "key_pair_id": "key-01d352b3121a806e9",
            "public_key": "ssh-rsa AAAAB3NzaC1yc2EAAAADAQABAAABAQC3Iqkg5W++IeUJqDqQ9GY/I9QaSVa7YWqaDF70OvmWBLIDkKw0gq/qVkIqEzBt90r5N6T6iz9It+bFOtBxbWetLeLVsh3MM5LZ/jfV7DsI/KTioSxejZzkgmUNhfCQk3mQE+64g3Nuo2QUpiuPb35JkX81zFuWhNY6DNBzUBrpY5lVMkfot/N2CWmmv+K+VA9YkDIauFg6yxYed3G02ieb6LHH06p8E88CYnJfNF1pizH38Xzmth7nkF/3/gL3g6uokilkzCs3dpVlGpTjji4SB0OSMMhDJkns+S6jQ0Jf6IY00Ful8Vpx30Cmaqr+Jdt2J3KXmaLde8qRUISrj+cj ubuntu@ubuntu",
            "tags": {}
          },
          "private": "eyJzY2hlbWFfdmVyc2lvbiI6IjEifQ==",
          "dependencies": [
            "random_id.random-string"
          ]
        }
      ]
    },
    {
      "mode": "managed",
      "type": "aws_route_table",
      "name": "web-public-rt",
      "provider": "provider.aws",
      "instances": [
        {
          "schema_version": 0,
          "attributes": {
            "arn": "arn:aws:ec2:eu-west-1:330428859659:route-table/rtb-05d74e7f9d3e48a4f",
            "id": "rtb-05d74e7f9d3e48a4f",
            "owner_id": "330428859659",
            "propagating_vgws": [],
            "route": [
              {
                "carrier_gateway_id": "",
                "cidr_block": "0.0.0.0/0",
                "destination_prefix_list_id": "",
                "egress_only_gateway_id": "",
                "gateway_id": "igw-09f4d865505ffbbf5",
                "instance_id": "",
                "ipv6_cidr_block": "",
                "local_gateway_id": "",
                "nat_gateway_id": "",
                "network_interface_id": "",
                "transit_gateway_id": "",
                "vpc_endpoint_id": "",
                "vpc_peering_connection_id": ""
              }
            ],
            "tags": {
              "Name": "Public Subnet RT",
              "Nginx": "nginx experience 3969501604"
            },
            "vpc_id": "vpc-0ee40b22ae771d5f2"
          },
          "private": "bnVsbA==",
          "dependencies": [
            "aws_internet_gateway.gw",
            "aws_vpc.main",
            "random_id.random-string"
          ]
        }
      ]
    },
    {
      "mode": "managed",
      "type": "aws_route_table_association",
      "name": "web-private-rt",
      "provider": "provider.aws",
      "instances": [
        {
          "schema_version": 0,
          "attributes": {
            "gateway_id": null,
            "id": "rtbassoc-0eed65cba4eb72ed1",
            "route_table_id": "rtb-05d74e7f9d3e48a4f",
            "subnet_id": "subnet-05b7621f021c23a9c"
          },
          "private": "bnVsbA==",
          "dependencies": [
            "aws_internet_gateway.gw",
            "aws_route_table.web-public-rt",
            "aws_subnet.private-subnet",
            "aws_vpc.main",
            "random_id.random-string"
          ]
        }
      ]
    },
    {
      "mode": "managed",
      "type": "aws_route_table_association",
      "name": "web-public-rt",
      "provider": "provider.aws",
      "instances": [
        {
          "schema_version": 0,
          "attributes": {
            "gateway_id": null,
            "id": "rtbassoc-0a3647df22064da05",
            "route_table_id": "rtb-05d74e7f9d3e48a4f",
            "subnet_id": "subnet-00400244c0983e1cb"
          },
          "private": "bnVsbA==",
          "dependencies": [
            "aws_internet_gateway.gw",
            "aws_route_table.web-public-rt",
            "aws_subnet.public-subnet",
            "aws_vpc.main",
            "random_id.random-string"
          ]
        }
      ]
    },
    {
      "mode": "managed",
      "type": "aws_security_group",
      "name": "sgweb",
      "provider": "provider.aws",
      "instances": [
        {
          "schema_version": 1,
          "attributes": {
            "arn": "arn:aws:ec2:eu-west-1:330428859659:security-group/sg-0774527040e9520b7",
            "description": "Allow traffic from public subnet",
            "egress": [
              {
                "cidr_blocks": [
                  "0.0.0.0/0"
                ],
                "description": "",
                "from_port": 0,
                "ipv6_cidr_blocks": [],
                "prefix_list_ids": [],
                "protocol": "-1",
                "security_groups": [],
                "self": false,
                "to_port": 0
              }
            ],
            "id": "sg-0774527040e9520b7",
            "ingress": [
              {
                "cidr_blocks": [
                  "0.0.0.0/0"
                ],
                "description": "",
                "from_port": 0,
                "ipv6_cidr_blocks": [],
                "prefix_list_ids": [],
                "protocol": "-1",
                "security_groups": [],
                "self": false,
                "to_port": 0
              }
            ],
            "name": "sg_test_web",
            "name_prefix": "",
            "owner_id": "330428859659",
            "revoke_rules_on_delete": false,
            "tags": {
              "Name": "Sorin Security Group",
              "Nginx": "nginx experience 3969501604"
            },
            "timeouts": null,
            "vpc_id": "vpc-0ee40b22ae771d5f2"
          },
          "private": "eyJlMmJmYjczMC1lY2FhLTExZTYtOGY4OC0zNDM2M2JjN2M0YzAiOnsiY3JlYXRlIjo2MDAwMDAwMDAwMDAsImRlbGV0ZSI6OTAwMDAwMDAwMDAwfSwic2NoZW1hX3ZlcnNpb24iOiIxIn0=",
          "dependencies": [
            "aws_vpc.main",
            "random_id.random-string"
          ]
        }
      ]
    },
    {
      "mode": "managed",
      "type": "aws_subnet",
      "name": "management-subnet",
      "provider": "provider.aws",
      "instances": [
        {
          "schema_version": 1,
          "attributes": {
            "arn": "arn:aws:ec2:eu-west-1:330428859659:subnet/subnet-0932cd79ca6217362",
            "assign_ipv6_address_on_creation": false,
            "availability_zone": "eu-west-1a",
            "availability_zone_id": "euw1-az1",
            "cidr_block": "10.0.1.0/24",
            "customer_owned_ipv4_pool": "",
            "id": "subnet-0932cd79ca6217362",
            "ipv6_cidr_block": "",
            "ipv6_cidr_block_association_id": "",
            "map_customer_owned_ip_on_launch": false,
            "map_public_ip_on_launch": true,
            "outpost_arn": "",
            "owner_id": "330428859659",
            "tags": {
              "Name": "Management Subnet",
              "Nginx": "nginx experience 3969501604"
            },
            "tags_all": {
              "Name": "Management Subnet",
              "Nginx": "nginx experience 3969501604"
            },
            "timeouts": null,
            "vpc_id": "vpc-0ee40b22ae771d5f2"
          },
          "private": "eyJlMmJmYjczMC1lY2FhLTExZTYtOGY4OC0zNDM2M2JjN2M0YzAiOnsiY3JlYXRlIjo2MDAwMDAwMDAwMDAsImRlbGV0ZSI6MTIwMDAwMDAwMDAwMH0sInNjaGVtYV92ZXJzaW9uIjoiMSJ9",
          "dependencies": [
            "aws_vpc.main",
            "random_id.random-string"
          ]
        }
      ]
    },
    {
      "mode": "managed",
      "type": "aws_subnet",
      "name": "private-subnet",
      "provider": "provider.aws",
      "instances": [
        {
          "schema_version": 1,
          "attributes": {
            "arn": "arn:aws:ec2:eu-west-1:330428859659:subnet/subnet-05b7621f021c23a9c",
            "assign_ipv6_address_on_creation": false,
            "availability_zone": "eu-west-1b",
            "availability_zone_id": "euw1-az2",
            "cidr_block": "10.0.3.0/24",
            "customer_owned_ipv4_pool": "",
            "id": "subnet-05b7621f021c23a9c",
            "ipv6_cidr_block": "",
            "ipv6_cidr_block_association_id": "",
            "map_customer_owned_ip_on_launch": false,
            "map_public_ip_on_launch": true,
            "outpost_arn": "",
            "owner_id": "330428859659",
            "tags": {
              "Name": "Web Private Subnet",
              "Nginx": "nginx experience 3969501604",
              "kubernetes.io/cluster/terraform-eks-3969501604": "shared",
              "kubernetes.io/role/internal-elb": "1"
            },
            "tags_all": {
              "Name": "Web Private Subnet",
              "Nginx": "nginx experience 3969501604",
              "kubernetes.io/cluster/terraform-eks-3969501604": "shared",
              "kubernetes.io/role/internal-elb": "1"
            },
            "timeouts": null,
            "vpc_id": "vpc-0ee40b22ae771d5f2"
          },
          "private": "eyJlMmJmYjczMC1lY2FhLTExZTYtOGY4OC0zNDM2M2JjN2M0YzAiOnsiY3JlYXRlIjo2MDAwMDAwMDAwMDAsImRlbGV0ZSI6MTIwMDAwMDAwMDAwMH0sInNjaGVtYV92ZXJzaW9uIjoiMSJ9",
          "dependencies": [
            "aws_vpc.main",
            "random_id.random-string"
          ]
        }
      ]
    },
    {
      "mode": "managed",
      "type": "aws_subnet",
      "name": "public-subnet",
      "provider": "provider.aws",
      "instances": [
        {
          "schema_version": 1,
          "attributes": {
            "arn": "arn:aws:ec2:eu-west-1:330428859659:subnet/subnet-00400244c0983e1cb",
            "assign_ipv6_address_on_creation": false,
            "availability_zone": "eu-west-1a",
            "availability_zone_id": "euw1-az1",
            "cidr_block": "10.0.2.0/24",
            "customer_owned_ipv4_pool": "",
            "id": "subnet-00400244c0983e1cb",
            "ipv6_cidr_block": "",
            "ipv6_cidr_block_association_id": "",
            "map_customer_owned_ip_on_launch": false,
            "map_public_ip_on_launch": true,
            "outpost_arn": "",
            "owner_id": "330428859659",
            "tags": {
              "Name": "Web Public Subnet",
              "Nginx": "nginx experience 3969501604",
              "kubernetes.io/cluster/terraform-eks-3969501604": "shared",
              "kubernetes.io/role/elb": "1"
            },
            "tags_all": {
              "Name": "Web Public Subnet",
              "Nginx": "nginx experience 3969501604",
              "kubernetes.io/cluster/terraform-eks-3969501604": "shared",
              "kubernetes.io/role/elb": "1"
            },
            "timeouts": null,
            "vpc_id": "vpc-0ee40b22ae771d5f2"
          },
          "private": "eyJlMmJmYjczMC1lY2FhLTExZTYtOGY4OC0zNDM2M2JjN2M0YzAiOnsiY3JlYXRlIjo2MDAwMDAwMDAwMDAsImRlbGV0ZSI6MTIwMDAwMDAwMDAwMH0sInNjaGVtYV92ZXJzaW9uIjoiMSJ9",
          "dependencies": [
            "aws_vpc.main",
            "random_id.random-string"
          ]
        }
      ]
    },
    {
      "mode": "managed",
      "type": "aws_vpc",
      "name": "main",
      "provider": "provider.aws",
      "instances": [
        {
          "schema_version": 1,
          "attributes": {
            "arn": "arn:aws:ec2:eu-west-1:330428859659:vpc/vpc-0ee40b22ae771d5f2",
            "assign_generated_ipv6_cidr_block": false,
            "cidr_block": "10.0.0.0/16",
            "default_network_acl_id": "acl-0550f8cc512003244",
            "default_route_table_id": "rtb-0ce6b139f8e6c6b47",
            "default_security_group_id": "sg-0f56c1c5ae62e349f",
            "dhcp_options_id": "dopt-08eca73315fb8b5e0",
            "enable_classiclink": false,
            "enable_classiclink_dns_support": false,
            "enable_dns_hostnames": true,
            "enable_dns_support": true,
            "id": "vpc-0ee40b22ae771d5f2",
            "instance_tenancy": "default",
            "ipv6_association_id": "",
            "ipv6_cidr_block": "",
            "main_route_table_id": "rtb-0ce6b139f8e6c6b47",
            "owner_id": "330428859659",
            "tags": {
              "Name": "vpc nginx experience",
              "Nginx": "nginx experience 3969501604"
            },
            "tags_all": {
              "Name": "vpc nginx experience",
              "Nginx": "nginx experience 3969501604"
            }
          },
          "private": "eyJzY2hlbWFfdmVyc2lvbiI6IjEifQ==",
          "dependencies": [
            "random_id.random-string"
          ]
        }
      ]
    },
    {
      "mode": "managed",
      "type": "random_id",
      "name": "random-string",
      "provider": "provider.random",
      "instances": [
        {
          "schema_version": 0,
          "attributes": {
            "b64_std": "7JnJpA==",
            "b64_url": "7JnJpA",
            "byte_length": 4,
            "dec": "3969501604",
            "hex": "ec99c9a4",
            "id": "7JnJpA",
            "keepers": null,
            "prefix": null
          },
          "private": "bnVsbA=="
        }
      ]
    }
  ]
}
